
Microsoft Visual Studio Solution File, Format Version 12.00
# Visual Studio 2013
VisualStudioVersion = 12.0.21005.1
MinimumVisualStudioVersion = 10.0.40219.1
Project("{8BC9CEB8-8B4A-11D0-8D11-00A0C91BC942}") = "С_4.14", "С_4.14\С_4.14.vcxproj", "{14F688D4-59E5-4A0F-AB35-6E806F8EE60B}"
EndProject
Global
	GlobalSection(SolutionConfigurationPlatforms) = preSolution
		Debug|Win32 = Debug|Win32
		Release|Win32 = Release|Win32
	EndGlobalSection
	GlobalSection(ProjectConfigurationPlatforms) = postSolution
		{14F688D4-59E5-4A0F-AB35-6E806F8EE60B}.Debug|Win32.ActiveCfg = Debug|Win32
		{14F688D4-59E5-4A0F-AB35-6E806F8EE60B}.Debug|Win32.Build.0 = Debug|Win32
		{14F688D4-59E5-4A0F-AB35-6E806F8EE60B}.Release|Win32.ActiveCfg = Release|Win32
		{14F688D4-59E5-4A0F-AB35-6E806F8EE60B}.Release|Win32.Build.0 = Release|Win32
	EndGlobalSection
	GlobalSection(SolutionProperties) = preSolution
		HideSolutionNode = FALSE
	EndGlobalSection
EndGlobal
